
Microsoft Visual Studio Solution File, Format Version 12.00
# Visual Studio 15
VisualStudioVersion = 15.0.26730.12
MinimumVisualStudioVersion = 10.0.40219.1
Project("{9A19103F-16F7-4668-BE54-9A1E7A4F7556}") = "Augmentr", "Augmentr\Augmentr.csproj", "{4FF7F4CA-9D0F-4451-A11D-0B9C6FC30150}"
EndProject
Project("{FAE04EC0-301F-11D3-BF4B-00C04F79EFBC}") = "Augmentr.Tests", "Augmentr.Tests\Augmentr.Tests.csproj", "{0E936746-4FF1-4D98-92D6-23A64ADB7918}"
EndProject
Project("{2150E333-8FDC-42A3-9474-1A3956D46DE8}") = "Solution Items", "Solution Items", "{735DF1C5-57F5-44C4-B4C6-5C6D6367C792}"
	ProjectSection(SolutionItems) = preProject
		.gitattributes = .gitattributes
		.gitignore = .gitignore
		README.md = README.md
	EndProjectSection
EndProject
Global
	GlobalSection(SolutionConfigurationPlatforms) = preSolution
		Debug|Any CPU = Debug|Any CPU
		Release|Any CPU = Release|Any CPU
	EndGlobalSection
	GlobalSection(ProjectConfigurationPlatforms) = postSolution
		{4FF7F4CA-9D0F-4451-A11D-0B9C6FC30150}.Debug|Any CPU.ActiveCfg = Debug|Any CPU
		{4FF7F4CA-9D0F-4451-A11D-0B9C6FC30150}.Debug|Any CPU.Build.0 = Debug|Any CPU
		{4FF7F4CA-9D0F-4451-A11D-0B9C6FC30150}.Release|Any CPU.ActiveCfg = Release|Any CPU
		{4FF7F4CA-9D0F-4451-A11D-0B9C6FC30150}.Release|Any CPU.Build.0 = Release|Any CPU
		{0E936746-4FF1-4D98-92D6-23A64ADB7918}.Debug|Any CPU.ActiveCfg = Debug|Any CPU
		{0E936746-4FF1-4D98-92D6-23A64ADB7918}.Debug|Any CPU.Build.0 = Debug|Any CPU
		{0E936746-4FF1-4D98-92D6-23A64ADB7918}.Release|Any CPU.ActiveCfg = Release|Any CPU
		{0E936746-4FF1-4D98-92D6-23A64ADB7918}.Release|Any CPU.Build.0 = Release|Any CPU
	EndGlobalSection
	GlobalSection(SolutionProperties) = preSolution
		HideSolutionNode = FALSE
	EndGlobalSection
	GlobalSection(ExtensibilityGlobals) = postSolution
		SolutionGuid = {E05FCFA3-D481-4547-8E7F-F357711DA648}
	EndGlobalSection
EndGlobal
